
Microsoft Visual Studio Solution File, Format Version 12.00
# Visual Studio Version 16
VisualStudioVersion = 16.0.30320.27
MinimumVisualStudioVersion = 10.0.40219.1
Project("{9A19103F-16F7-4668-BE54-9A1E7A4F7556}") = "AFORO255.MS.TEST.Security", "AFORO255.MS.TEST.Security\AFORO255.MS.TEST.Security.csproj", "{08D89A61-5AE9-4C70-A61C-BAD7A171A43F}"
EndProject
Project("{2150E333-8FDC-42A3-9474-1A3956D46DE8}") = "Cross", "Cross", "{2A5AB308-2193-4290-AD25-3C63667AB00D}"
EndProject
Project("{2150E333-8FDC-42A3-9474-1A3956D46DE8}") = "Projects", "Projects", "{F23110D5-F187-4206-869E-E587496F1330}"
EndProject
Project("{2150E333-8FDC-42A3-9474-1A3956D46DE8}") = "Gateway", "Gateway", "{CD98AEF7-9781-402C-AF62-B321CDFF28DF}"
EndProject
Project("{2150E333-8FDC-42A3-9474-1A3956D46DE8}") = "Microservices", "Microservices", "{8B4DDFDF-C272-4CB9-822E-7AF4454B052E}"
EndProject
Project("{2150E333-8FDC-42A3-9474-1A3956D46DE8}") = "Security", "Security", "{C60AF93D-EABD-42D8-A279-0AC3EBB3F39D}"
EndProject
Project("{2150E333-8FDC-42A3-9474-1A3956D46DE8}") = "Invoice", "Invoice", "{E34EBDF2-5133-48AA-AA9E-EFCEE96A4679}"
EndProject
Project("{2150E333-8FDC-42A3-9474-1A3956D46DE8}") = "Pay", "Pay", "{A0477FB4-DF86-4300-B544-4B1017964C3A}"
EndProject
Project("{2150E333-8FDC-42A3-9474-1A3956D46DE8}") = "Transaction", "Transaction", "{B90D3839-3A0C-4CCA-8491-EBBB36534BF8}"
EndProject
Project("{2150E333-8FDC-42A3-9474-1A3956D46DE8}") = "Notifcation", "Notifcation", "{8D551E45-8979-4124-A987-7F0EFB848949}"
EndProject
Project("{9A19103F-16F7-4668-BE54-9A1E7A4F7556}") = "AFORO255.MS.TEST.Invoice", "AFORO255.MS.TEST.Invoice\AFORO255.MS.TEST.Invoice.csproj", "{04ABCD57-FD04-4585-999E-E5CCF8B3A603}"
EndProject
Project("{9A19103F-16F7-4668-BE54-9A1E7A4F7556}") = "AFORO255.MS.TEST.Pay", "AFORO255.MS.TEST.Pay\AFORO255.MS.TEST.Pay.csproj", "{ECF93656-12F9-4B6D-AD87-903158C7B01D}"
EndProject
Project("{9A19103F-16F7-4668-BE54-9A1E7A4F7556}") = "AFORO255.MS.TEST.Transaction", "AFORO255.MS.TEST.Transaction\AFORO255.MS.TEST.Transaction.csproj", "{7658C2E5-E892-4F33-8180-988745E9F455}"
EndProject
Project("{9A19103F-16F7-4668-BE54-9A1E7A4F7556}") = "AFORO255.MS.TEST.Notification", "AFORO255.MS.TEST.Notification\AFORO255.MS.TEST.Notification.csproj", "{DD7A0BD5-7D74-4224-BB9F-BE508DBB30DE}"
EndProject
Project("{9A19103F-16F7-4668-BE54-9A1E7A4F7556}") = "MS.AFORO255.Cross.Jwt", "MS.AFORO255.Cross.Jwt\MS.AFORO255.Cross.Jwt.csproj", "{F4B757BF-F73A-4507-BA33-95B1A776238E}"
EndProject
Global
	GlobalSection(SolutionConfigurationPlatforms) = preSolution
		Debug|Any CPU = Debug|Any CPU
		Release|Any CPU = Release|Any CPU
	EndGlobalSection
	GlobalSection(ProjectConfigurationPlatforms) = postSolution
		{08D89A61-5AE9-4C70-A61C-BAD7A171A43F}.Debug|Any CPU.ActiveCfg = Debug|Any CPU
		{08D89A61-5AE9-4C70-A61C-BAD7A171A43F}.Debug|Any CPU.Build.0 = Debug|Any CPU
		{08D89A61-5AE9-4C70-A61C-BAD7A171A43F}.Release|Any CPU.ActiveCfg = Release|Any CPU
		{08D89A61-5AE9-4C70-A61C-BAD7A171A43F}.Release|Any CPU.Build.0 = Release|Any CPU
		{04ABCD57-FD04-4585-999E-E5CCF8B3A603}.Debug|Any CPU.ActiveCfg = Debug|Any CPU
		{04ABCD57-FD04-4585-999E-E5CCF8B3A603}.Debug|Any CPU.Build.0 = Debug|Any CPU
		{04ABCD57-FD04-4585-999E-E5CCF8B3A603}.Release|Any CPU.ActiveCfg = Release|Any CPU
		{04ABCD57-FD04-4585-999E-E5CCF8B3A603}.Release|Any CPU.Build.0 = Release|Any CPU
		{ECF93656-12F9-4B6D-AD87-903158C7B01D}.Debug|Any CPU.ActiveCfg = Debug|Any CPU
		{ECF93656-12F9-4B6D-AD87-903158C7B01D}.Debug|Any CPU.Build.0 = Debug|Any CPU
		{ECF93656-12F9-4B6D-AD87-903158C7B01D}.Release|Any CPU.ActiveCfg = Release|Any CPU
		{ECF93656-12F9-4B6D-AD87-903158C7B01D}.Release|Any CPU.Build.0 = Release|Any CPU
		{7658C2E5-E892-4F33-8180-988745E9F455}.Debug|Any CPU.ActiveCfg = Debug|Any CPU
		{7658C2E5-E892-4F33-8180-988745E9F455}.Debug|Any CPU.Build.0 = Debug|Any CPU
		{7658C2E5-E892-4F33-8180-988745E9F455}.Release|Any CPU.ActiveCfg = Release|Any CPU
		{7658C2E5-E892-4F33-8180-988745E9F455}.Release|Any CPU.Build.0 = Release|Any CPU
		{DD7A0BD5-7D74-4224-BB9F-BE508DBB30DE}.Debug|Any CPU.ActiveCfg = Debug|Any CPU
		{DD7A0BD5-7D74-4224-BB9F-BE508DBB30DE}.Debug|Any CPU.Build.0 = Debug|Any CPU
		{DD7A0BD5-7D74-4224-BB9F-BE508DBB30DE}.Release|Any CPU.ActiveCfg = Release|Any CPU
		{DD7A0BD5-7D74-4224-BB9F-BE508DBB30DE}.Release|Any CPU.Build.0 = Release|Any CPU
		{F4B757BF-F73A-4507-BA33-95B1A776238E}.Debug|Any CPU.ActiveCfg = Debug|Any CPU
		{F4B757BF-F73A-4507-BA33-95B1A776238E}.Debug|Any CPU.Build.0 = Debug|Any CPU
		{F4B757BF-F73A-4507-BA33-95B1A776238E}.Release|Any CPU.ActiveCfg = Release|Any CPU
		{F4B757BF-F73A-4507-BA33-95B1A776238E}.Release|Any CPU.Build.0 = Release|Any CPU
	EndGlobalSection
	GlobalSection(SolutionProperties) = preSolution
		HideSolutionNode = FALSE
	EndGlobalSection
	GlobalSection(NestedProjects) = preSolution
		{08D89A61-5AE9-4C70-A61C-BAD7A171A43F} = {C60AF93D-EABD-42D8-A279-0AC3EBB3F39D}
		{CD98AEF7-9781-402C-AF62-B321CDFF28DF} = {F23110D5-F187-4206-869E-E587496F1330}
		{8B4DDFDF-C272-4CB9-822E-7AF4454B052E} = {F23110D5-F187-4206-869E-E587496F1330}
		{C60AF93D-EABD-42D8-A279-0AC3EBB3F39D} = {8B4DDFDF-C272-4CB9-822E-7AF4454B052E}
		{E34EBDF2-5133-48AA-AA9E-EFCEE96A4679} = {8B4DDFDF-C272-4CB9-822E-7AF4454B052E}
		{A0477FB4-DF86-4300-B544-4B1017964C3A} = {8B4DDFDF-C272-4CB9-822E-7AF4454B052E}
		{B90D3839-3A0C-4CCA-8491-EBBB36534BF8} = {8B4DDFDF-C272-4CB9-822E-7AF4454B052E}
		{8D551E45-8979-4124-A987-7F0EFB848949} = {8B4DDFDF-C272-4CB9-822E-7AF4454B052E}
		{04ABCD57-FD04-4585-999E-E5CCF8B3A603} = {E34EBDF2-5133-48AA-AA9E-EFCEE96A4679}
		{ECF93656-12F9-4B6D-AD87-903158C7B01D} = {A0477FB4-DF86-4300-B544-4B1017964C3A}
		{7658C2E5-E892-4F33-8180-988745E9F455} = {B90D3839-3A0C-4CCA-8491-EBBB36534BF8}
		{DD7A0BD5-7D74-4224-BB9F-BE508DBB30DE} = {8D551E45-8979-4124-A987-7F0EFB848949}
		{F4B757BF-F73A-4507-BA33-95B1A776238E} = {2A5AB308-2193-4290-AD25-3C63667AB00D}
	EndGlobalSection
	GlobalSection(ExtensibilityGlobals) = postSolution
		SolutionGuid = {6A674A1C-ACB1-4CE6-AC80-B364DD945002}
	EndGlobalSection
EndGlobal
